// !$*UTF8*$!
{
	archiveVersion = 1;
	classes = {
	};
	objectVersion = 50;
	objects = {

/* Begin PBXBuildFile section */
		041A21FB2751CC4E00A570D5 /* main.swift in Sources */ = {isa = PBXBuildFile; fileRef = 041A21FA2751CC4E00A570D5 /* main.swift */; };
		041A22022751CF0B00A570D5 /* DailyPuzzle.swift in Sources */ = {isa = PBXBuildFile; fileRef = 041A22012751CF0B00A570D5 /* DailyPuzzle.swift */; };
		041A22062751D66A00A570D5 /* Day1.swift in Sources */ = {isa = PBXBuildFile; fileRef = 041A22052751D66A00A570D5 /* Day1.swift */; };
		041A22082756F0D200A570D5 /* Day2.swift in Sources */ = {isa = PBXBuildFile; fileRef = 041A22072756F0D200A570D5 /* Day2.swift */; };
		041A220A2756F17A00A570D5 /* DayExample.swift in Sources */ = {isa = PBXBuildFile; fileRef = 041A22092756F17A00A570D5 /* DayExample.swift */; };
		04A64A6A2757B33400B78568 /* DailySolver.swift in Sources */ = {isa = PBXBuildFile; fileRef = 04A64A692757B33400B78568 /* DailySolver.swift */; };
/* End PBXBuildFile section */

/* Begin PBXCopyFilesBuildPhase section */
		041A21F52751CC4E00A570D5 /* CopyFiles */ = {
			isa = PBXCopyFilesBuildPhase;
			buildActionMask = 2147483647;
			dstPath = /usr/share/man/man1/;
			dstSubfolderSpec = 0;
			files = (
			);
			runOnlyForDeploymentPostprocessing = 1;
		};
/* End PBXCopyFilesBuildPhase section */

/* Begin PBXFileReference section */
		041A21F72751CC4E00A570D5 /* AoC2021 */ = {isa = PBXFileReference; explicitFileType = "compiled.mach-o.executable"; includeInIndex = 0; path = AoC2021; sourceTree = BUILT_PRODUCTS_DIR; };
		041A21FA2751CC4E00A570D5 /* main.swift */ = {isa = PBXFileReference; lastKnownFileType = sourcecode.swift; path = main.swift; sourceTree = "<group>"; };
		041A22012751CF0B00A570D5 /* DailyPuzzle.swift */ = {isa = PBXFileReference; lastKnownFileType = sourcecode.swift; path = DailyPuzzle.swift; sourceTree = "<group>"; };
		041A22052751D66A00A570D5 /* Day1.swift */ = {isa = PBXFileReference; lastKnownFileType = sourcecode.swift; path = Day1.swift; sourceTree = "<group>"; };
		041A22072756F0D200A570D5 /* Day2.swift */ = {isa = PBXFileReference; lastKnownFileType = sourcecode.swift; path = Day2.swift; sourceTree = "<group>"; };
		041A22092756F17A00A570D5 /* DayExample.swift */ = {isa = PBXFileReference; lastKnownFileType = sourcecode.swift; path = DayExample.swift; sourceTree = "<group>"; };
		04A64A692757B33400B78568 /* DailySolver.swift */ = {isa = PBXFileReference; lastKnownFileType = sourcecode.swift; path = DailySolver.swift; sourceTree = "<group>"; };
/* End PBXFileReference section */

/* Begin PBXFrameworksBuildPhase section */
		041A21F42751CC4E00A570D5 /* Frameworks */ = {
			isa = PBXFrameworksBuildPhase;
			buildActionMask = 2147483647;
			files = (
			);
			runOnlyForDeploymentPostprocessing = 0;
		};
/* End PBXFrameworksBuildPhase section */

/* Begin PBXGroup section */
		041A21EE2751CC4E00A570D5 = {
			isa = PBXGroup;
			children = (
				041A21F92751CC4E00A570D5 /* AoC2021 */,
				041A21F82751CC4E00A570D5 /* Products */,
			);
			sourceTree = "<group>";
		};
		041A21F82751CC4E00A570D5 /* Products */ = {
			isa = PBXGroup;
			children = (
				041A21F72751CC4E00A570D5 /* AoC2021 */,
			);
			name = Products;
			sourceTree = "<group>";
		};
		041A21F92751CC4E00A570D5 /* AoC2021 */ = {
			isa = PBXGroup;
			children = (
				041A21FA2751CC4E00A570D5 /* main.swift */,
				041A22012751CF0B00A570D5 /* DailyPuzzle.swift */,
				041A22052751D66A00A570D5 /* Day1.swift */,
				041A22072756F0D200A570D5 /* Day2.swift */,
				041A22092756F17A00A570D5 /* DayExample.swift */,
				04A64A692757B33400B78568 /* DailySolver.swift */,
			);
			path = AoC2021;
			sourceTree = "<group>";
		};
/* End PBXGroup section */

/* Begin PBXNativeTarget section */
		041A21F62751CC4E00A570D5 /* AoC2021 */ = {
			isa = PBXNativeTarget;
			buildConfigurationList = 041A21FE2751CC4E00A570D5 /* Build configuration list for PBXNativeTarget "AoC2021" */;
			buildPhases = (
				041A21F32751CC4E00A570D5 /* Sources */,
				041A21F42751CC4E00A570D5 /* Frameworks */,
				041A21F52751CC4E00A570D5 /* CopyFiles */,
			);
			buildRules = (
			);
			dependencies = (
			);
			name = AoC2021;
			productName = AoC2021;
			productReference = 041A21F72751CC4E00A570D5 /* AoC2021 */;
			productType = "com.apple.product-type.tool";
		};
/* End PBXNativeTarget section */

/* Begin PBXProject section */
		041A21EF2751CC4E00A570D5 /* Project object */ = {
			isa = PBXProject;
			attributes = {
				LastSwiftUpdateCheck = 1250;
				LastUpgradeCheck = 1250;
				TargetAttributes = {
					041A21F62751CC4E00A570D5 = {
						CreatedOnToolsVersion = 12.5.1;
					};
				};
			};
			buildConfigurationList = 041A21F22751CC4E00A570D5 /* Build configuration list for PBXProject "AoC2021" */;
			compatibilityVersion = "Xcode 9.3";
			developmentRegion = en;
			hasScannedForEncodings = 0;
			knownRegions = (
				en,
				Base,
			);
			mainGroup = 041A21EE2751CC4E00A570D5;
			productRefGroup = 041A21F82751CC4E00A570D5 /* Products */;
			projectDirPath = "";
			projectRoot = "";
			targets = (
				041A21F62751CC4E00A570D5 /* AoC2021 */,
			);
		};
/* End PBXProject section */

/* Begin PBXSourcesBuildPhase section */
		041A21F32751CC4E00A570D5 /* Sources */ = {
			isa = PBXSourcesBuildPhase;
			buildActionMask = 2147483647;
			files = (
				04A64A6A2757B33400B78568 /* DailySolver.swift in Sources */,
				041A22062751D66A00A570D5 /* Day1.swift in Sources */,
				041A22082756F0D200A570D5 /* Day2.swift in Sources */,
				041A220A2756F17A00A570D5 /* DayExample.swift in Sources */,
				041A21FB2751CC4E00A570D5 /* main.swift in Sources */,
				041A22022751CF0B00A570D5 /* DailyPuzzle.swift in Sources */,
			);
			runOnlyForDeploymentPostprocessing = 0;
		};
/* End PBXSourcesBuildPhase section */

/* Begin XCBuildConfiguration section */
		041A21FC2751CC4E00A570D5 /* Debug */ = {
			isa = XCBuildConfiguration;
			buildSettings = {
				ALWAYS_SEARCH_USER_PATHS = NO;
				CLANG_ANALYZER_NONNULL = YES;
				CLANG_ANALYZER_NUMBER_OBJECT_CONVERSION = YES_AGGRESSIVE;
				CLANG_CXX_LANGUAGE_STANDARD = "gnu++14";
				CLANG_CXX_LIBRARY = "libc++";
				CLANG_ENABLE_MODULES = YES;
				CLANG_ENABLE_OBJC_ARC = YES;
				CLANG_ENABLE_OBJC_WEAK = YES;
				CLANG_WARN_BLOCK_CAPTURE_AUTORELEASING = YES;
				CLANG_WARN_BOOL_CONVERSION = YES;
				CLANG_WARN_COMMA = YES;
				CLANG_WARN_CONSTANT_CONVERSION = YES;
				CLANG_WARN_DEPRECATED_OBJC_IMPLEMENTATIONS = YES;
				CLANG_WARN_DIRECT_OBJC_ISA_USAGE = YES_ERROR;
				CLANG_WARN_DOCUMENTATION_COMMENTS = YES;
				CLANG_WARN_EMPTY_BODY = YES;
				CLANG_WARN_ENUM_CONVERSION = YES;
				CLANG_WARN_INFINITE_RECURSION = YES;
				CLANG_WARN_INT_CONVERSION = YES;
				CLANG_WARN_NON_LITERAL_NULL_CONVERSION = YES;
				CLANG_WARN_OBJC_IMPLICIT_RETAIN_SELF = YES;
				CLANG_WARN_OBJC_LITERAL_CONVERSION = YES;
				CLANG_WARN_OBJC_ROOT_CLASS = YES_ERROR;
				CLANG_WARN_QUOTED_INCLUDE_IN_FRAMEWORK_HEADER = YES;
				CLANG_WARN_RANGE_LOOP_ANALYSIS = YES;
				CLANG_WARN_STRICT_PROTOTYPES = YES;
				CLANG_WARN_SUSPICIOUS_MOVE = YES;
				CLANG_WARN_UNGUARDED_AVAILABILITY = YES_AGGRESSIVE;
				CLANG_WARN_UNREACHABLE_CODE = YES;
				CLANG_WARN__DUPLICATE_METHOD_MATCH = YES;
				COPY_PHASE_STRIP = NO;
				DEBUG_INFORMATION_FORMAT = dwarf;
				ENABLE_STRICT_OBJC_MSGSEND = YES;
				ENABLE_TESTABILITY = YES;
				GCC_C_LANGUAGE_STANDARD = gnu11;
				GCC_DYNAMIC_NO_PIC = NO;
				GCC_NO_COMMON_BLOCKS = YES;
				GCC_OPTIMIZATION_LEVEL = 0;
				GCC_PREPROCESSOR_DEFINITIONS = (
					"DEBUG=1",
					"$(inherited)",
				);
				GCC_WARN_64_TO_32_BIT_CONVERSION = YES;
				GCC_WARN_ABOUT_RETURN_TYPE = YES_ERROR;
				GCC_WARN_UNDECLARED_SELECTOR = YES;
				GCC_WARN_UNINITIALIZED_AUTOS = YES_AGGRESSIVE;
				GCC_WARN_UNUSED_FUNCTION = YES;
				GCC_WARN_UNUSED_VARIABLE = YES;
				MACOSX_DEPLOYMENT_TARGET = 11.3;
				MTL_ENABLE_DEBUG_INFO = INCLUDE_SOURCE;
				MTL_FAST_MATH = YES;
				ONLY_ACTIVE_ARCH = YES;
				SDKROOT = macosx;
				SWIFT_ACTIVE_COMPILATION_CONDITIONS = DEBUG;
				SWIFT_OPTIMIZATION_LEVEL = "-Onone";
			};
			name = Debug;
		};
		041A21FD2751CC4E00A570D5 /* Release */ = {
			isa = XCBuildConfiguration;
			buildSettings = {
				ALWAYS_SEARCH_USER_PATHS = NO;
				CLANG_ANALYZER_NONNULL = YES;
				CLANG_ANALYZER_NUMBER_OBJECT_CONVERSION = YES_AGGRESSIVE;
				CLANG_CXX_LANGUAGE_STANDARD = "gnu++14";
				CLANG_CXX_LIBRARY = "libc++";
				CLANG_ENABLE_MODULES = YES;
				CLANG_ENABLE_OBJC_ARC = YES;
				CLANG_ENABLE_OBJC_WEAK = YES;
				CLANG_WARN_BLOCK_CAPTURE_AUTORELEASING = YES;
				CLANG_WARN_BOOL_CONVERSION = YES;
				CLANG_WARN_COMMA = YES;
				CLANG_WARN_CONSTANT_CONVERSION = YES;
				CLANG_WARN_DEPRECATED_OBJC_IMPLEMENTATIONS = YES;
				CLANG_WARN_DIRECT_OBJC_ISA_USAGE = YES_ERROR;
				CLANG_WARN_DOCUMENTATION_COMMENTS = YES;
				CLANG_WARN_EMPTY_BODY = YES;
				CLANG_WARN_ENUM_CONVERSION = YES;
				CLANG_WARN_INFINITE_RECURSION = YES;
				CLANG_WARN_INT_CONVERSION = YES;
				CLANG_WARN_NON_LITERAL_NULL_CONVERSION = YES;
				CLANG_WARN_OBJC_IMPLICIT_RETAIN_SELF = YES;
				CLANG_WARN_OBJC_LITERAL_CONVERSION = YES;
				CLANG_WARN_OBJC_ROOT_CLASS = YES_ERROR;
				CLANG_WARN_QUOTED_INCLUDE_IN_FRAMEWORK_HEADER = YES;
				CLANG_WARN_RANGE_LOOP_ANALYSIS = YES;
				CLANG_WARN_STRICT_PROTOTYPES = YES;
				CLANG_WARN_SUSPICIOUS_MOVE = YES;
				CLANG_WARN_UNGUARDED_AVAILABILITY = YES_AGGRESSIVE;
				CLANG_WARN_UNREACHABLE_CODE = YES;
				CLANG_WARN__DUPLICATE_METHOD_MATCH = YES;
				COPY_PHASE_STRIP = NO;
				DEBUG_INFORMATION_FORMAT = "dwarf-with-dsym";
				ENABLE_NS_ASSERTIONS = NO;
				ENABLE_STRICT_OBJC_MSGSEND = YES;
				GCC_C_LANGUAGE_STANDARD = gnu11;
				GCC_NO_COMMON_BLOCKS = YES;
				GCC_WARN_64_TO_32_BIT_CONVERSION = YES;
				GCC_WARN_ABOUT_RETURN_TYPE = YES_ERROR;
				GCC_WARN_UNDECLARED_SELECTOR = YES;
				GCC_WARN_UNINITIALIZED_AUTOS = YES_AGGRESSIVE;
				GCC_WARN_UNUSED_FUNCTION = YES;
				GCC_WARN_UNUSED_VARIABLE = YES;
				MACOSX_DEPLOYMENT_TARGET = 11.3;
				MTL_ENABLE_DEBUG_INFO = NO;
				MTL_FAST_MATH = YES;
				SDKROOT = macosx;
				SWIFT_COMPILATION_MODE = wholemodule;
				SWIFT_OPTIMIZATION_LEVEL = "-O";
			};
			name = Release;
		};
		041A21FF2751CC4E00A570D5 /* Debug */ = {
			isa = XCBuildConfiguration;
			buildSettings = {
				CODE_SIGN_STYLE = Automatic;
				PRODUCT_NAME = "$(TARGET_NAME)";
				SWIFT_VERSION = 5.0;
			};
			name = Debug;
		};
		041A22002751CC4E00A570D5 /* Release */ = {
			isa = XCBuildConfiguration;
			buildSettings = {
				CODE_SIGN_STYLE = Automatic;
				PRODUCT_NAME = "$(TARGET_NAME)";
				SWIFT_VERSION = 5.0;
			};
			name = Release;
		};
/* End XCBuildConfiguration section */

/* Begin XCConfigurationList section */
		041A21F22751CC4E00A570D5 /* Build configuration list for PBXProject "AoC2021" */ = {
			isa = XCConfigurationList;
			buildConfigurations = (
				041A21FC2751CC4E00A570D5 /* Debug */,
				041A21FD2751CC4E00A570D5 /* Release */,
			);
			defaultConfigurationIsVisible = 0;
			defaultConfigurationName = Release;
		};
		041A21FE2751CC4E00A570D5 /* Build configuration list for PBXNativeTarget "AoC2021" */ = {
			isa = XCConfigurationList;
			buildConfigurations = (
				041A21FF2751CC4E00A570D5 /* Debug */,
				041A22002751CC4E00A570D5 /* Release */,
			);
			defaultConfigurationIsVisible = 0;
			defaultConfigurationName = Release;
		};
/* End XCConfigurationList section */
	};
	rootObject = 041A21EF2751CC4E00A570D5 /* Project object */;
}
